
Microsoft Visual Studio Solution File, Format Version 11.00
# Visual Studio 2010
Project("{FAE04EC0-301F-11D3-BF4B-00C04F79EFBC}") = "Assembly-CSharp", "Assembly-CSharp.csproj", "{84BE7983-B664-4929-20DD-EC8441C82CC9}"
EndProject
Project("{FAE04EC0-301F-11D3-BF4B-00C04F79EFBC}") = "Assembly-CSharp-Editor", "Assembly-CSharp-Editor.csproj", "{21AD84EB-D43E-A17A-7F6F-49898082CCFB}"
EndProject
Global
	GlobalSection(SolutionConfigurationPlatforms) = preSolution
		Debug|Any CPU = Debug|Any CPU
		Release|Any CPU = Release|Any CPU
	EndGlobalSection
	GlobalSection(ProjectConfigurationPlatforms) = postSolution
		{84BE7983-B664-4929-20DD-EC8441C82CC9}.Debug|Any CPU.ActiveCfg = Debug|Any CPU
		{84BE7983-B664-4929-20DD-EC8441C82CC9}.Debug|Any CPU.Build.0 = Debug|Any CPU
		{84BE7983-B664-4929-20DD-EC8441C82CC9}.Release|Any CPU.ActiveCfg = Release|Any CPU
		{84BE7983-B664-4929-20DD-EC8441C82CC9}.Release|Any CPU.Build.0 = Release|Any CPU
		{21AD84EB-D43E-A17A-7F6F-49898082CCFB}.Debug|Any CPU.ActiveCfg = Debug|Any CPU
		{21AD84EB-D43E-A17A-7F6F-49898082CCFB}.Debug|Any CPU.Build.0 = Debug|Any CPU
		{21AD84EB-D43E-A17A-7F6F-49898082CCFB}.Release|Any CPU.ActiveCfg = Release|Any CPU
		{21AD84EB-D43E-A17A-7F6F-49898082CCFB}.Release|Any CPU.Build.0 = Release|Any CPU
	EndGlobalSection
	GlobalSection(SolutionProperties) = preSolution
		HideSolutionNode = FALSE
	EndGlobalSection
EndGlobal
